{
  "nodes": {
    "fenix": {
      "inputs": {
        "nixpkgs": [
          "nixpkgs"
        ],
        "rust-analyzer-src": "rust-analyzer-src"
      },
      "locked": {
        "lastModified": 1788006742,
        "narHash": "sha256-V65dNU5TPx5c/DBdJ2G8rgczvLxB5ROm/ie8CS6WV3w=",
        "owner": "nix-community",
        "repo": "fenix",
        "rev": "e0f7f5109090e4ebc9f3c969b961966cd7a61013",
        "type": "github"
      },
      "original": {
        "owner": "nix-community",
        "repo": "fenix",
        "type": "github"
      }
    },
    "nixpkgs": {
      "locked": {
        "lastModified": 1787964612,
        "narHash": "sha256-0N9nghg3nwzX6b6qc77EzjR9cu/Z+UR66FlfsCqiURs=",
        "owner": "NixOS",
        "repo": "nixpkgs",
        "rev": "e8be7818e19ada32105a8af937a6a473b38167ca",
        "type": "github"
      },
      "original": {
        "owner": "NixOS",
        "ref": "nixpkgs-unstable",
        "repo": "nixpkgs",
        "type": "github"
      }
    },
    "root": {
      "inputs": {
        "fenix": "fenix",
        "nixpkgs": "nixpkgs"
      }
    },
    "rust-analyzer-src": {
      "flake": false,
      "locked": {
        "lastModified": 1787909076,
        "narHash": "sha256-dGGOmzu3v7Sd9AZjvmPXqw2oXxepu7DDcQ0X+oW+a28=",
        "owner": "rust-lang",
        "repo": "rust-analyzer",
        "rev": "af4111f0bf85d9d66f4161b007b0081860e0a21c",
        "type": "github"
      },
      "original": {
        "owner": "rust-lang",
        "ref": "nightly",
        "repo": "rust-analyzer",
        "type": "github"
      }
    }
  },
  "root": "root",
  "version": 7
}
